
Microsoft Visual Studio Solution File, Format Version 12.00
# Visual Studio Version 17
VisualStudioVersion = 17.14.36915.13 d17.14
MinimumVisualStudioVersion = 10.0.40219.1
Project("{FAE04EC0-301F-11D3-BF4B-00C04F79EFBC}") = "WinFormsControlLibrary1", "WinFormsControlLibrary1\WinFormsControlLibrary1.csproj", "{A918F096-4749-4705-AD10-6E9621B2EE31}"
EndProject
Global
	GlobalSection(SolutionConfigurationPlatforms) = preSolution
		Debug|Any CPU = Debug|Any CPU
		Release|Any CPU = Release|Any CPU
	EndGlobalSection
	GlobalSection(ProjectConfigurationPlatforms) = postSolution
		{A918F096-4749-4705-AD10-6E9621B2EE31}.Debug|Any CPU.ActiveCfg = Debug|Any CPU
		{A918F096-4749-4705-AD10-6E9621B2EE31}.Debug|Any CPU.Build.0 = Debug|Any CPU
		{A918F096-4749-4705-AD10-6E9621B2EE31}.Release|Any CPU.ActiveCfg = Release|Any CPU
		{A918F096-4749-4705-AD10-6E9621B2EE31}.Release|Any CPU.Build.0 = Release|Any CPU
	EndGlobalSection
	GlobalSection(SolutionProperties) = preSolution
		HideSolutionNode = FALSE
	EndGlobalSection
	GlobalSection(ExtensibilityGlobals) = postSolution
		SolutionGuid = {631F995C-8B64-4295-AC46-283F840B0D7D}
	EndGlobalSection
EndGlobal
